
Microsoft Visual Studio Solution File, Format Version 12.00
# Visual Studio Version 16
VisualStudioVersion = 16.0.31112.23
MinimumVisualStudioVersion = 10.0.40219.1
Project("{9A19103F-16F7-4668-BE54-9A1E7A4F7556}") = "cardioLibrary", "cardioLibrary\cardioLibrary.csproj", "{72FD380E-E328-49B6-8286-C1EB1FF68D87}"
EndProject
Project("{9A19103F-16F7-4668-BE54-9A1E7A4F7556}") = "DataCardio_Test", "DataCardio_Test\DataCardio_Test.csproj", "{9CB8C9A1-181D-4ABE-A3DC-BFC344D83F41}"
EndProject
Project("{FAE04EC0-301F-11D3-BF4B-00C04F79EFBC}") = "DataCardio_WPF", "DataCardio_WPF\DataCardio_WPF.csproj", "{1868A28E-75D7-46F7-8345-2FA153DF7CEA}"
EndProject
Global
	GlobalSection(SolutionConfigurationPlatforms) = preSolution
		Debug|Any CPU = Debug|Any CPU
		Release|Any CPU = Release|Any CPU
	EndGlobalSection
	GlobalSection(ProjectConfigurationPlatforms) = postSolution
		{72FD380E-E328-49B6-8286-C1EB1FF68D87}.Debug|Any CPU.ActiveCfg = Debug|Any CPU
		{72FD380E-E328-49B6-8286-C1EB1FF68D87}.Debug|Any CPU.Build.0 = Debug|Any CPU
		{72FD380E-E328-49B6-8286-C1EB1FF68D87}.Release|Any CPU.ActiveCfg = Release|Any CPU
		{72FD380E-E328-49B6-8286-C1EB1FF68D87}.Release|Any CPU.Build.0 = Release|Any CPU
		{9CB8C9A1-181D-4ABE-A3DC-BFC344D83F41}.Debug|Any CPU.ActiveCfg = Debug|Any CPU
		{9CB8C9A1-181D-4ABE-A3DC-BFC344D83F41}.Debug|Any CPU.Build.0 = Debug|Any CPU
		{9CB8C9A1-181D-4ABE-A3DC-BFC344D83F41}.Release|Any CPU.ActiveCfg = Release|Any CPU
		{9CB8C9A1-181D-4ABE-A3DC-BFC344D83F41}.Release|Any CPU.Build.0 = Release|Any CPU
		{1868A28E-75D7-46F7-8345-2FA153DF7CEA}.Debug|Any CPU.ActiveCfg = Debug|Any CPU
		{1868A28E-75D7-46F7-8345-2FA153DF7CEA}.Debug|Any CPU.Build.0 = Debug|Any CPU
		{1868A28E-75D7-46F7-8345-2FA153DF7CEA}.Release|Any CPU.ActiveCfg = Release|Any CPU
		{1868A28E-75D7-46F7-8345-2FA153DF7CEA}.Release|Any CPU.Build.0 = Release|Any CPU
	EndGlobalSection
	GlobalSection(SolutionProperties) = preSolution
		HideSolutionNode = FALSE
	EndGlobalSection
	GlobalSection(ExtensibilityGlobals) = postSolution
		SolutionGuid = {57DBD7C5-E5E7-444D-A22A-3CE21469B2DC}
	EndGlobalSection
EndGlobal
